
Microsoft Visual Studio Solution File, Format Version 12.00
# Visual Studio Version 16
VisualStudioVersion = 16.0.32630.194
MinimumVisualStudioVersion = 10.0.40219.1
Project("{8BC9CEB8-8B4A-11D0-8D11-00A0C91BC942}") = "Biggest-Num-Array", "Biggest-Num-Array\Biggest-Num-Array.vcxproj", "{E81476F6-F452-4E0E-8C36-858AD8576A93}"
EndProject
Global
	GlobalSection(SolutionConfigurationPlatforms) = preSolution
		Debug|x64 = Debug|x64
		Debug|x86 = Debug|x86
		Release|x64 = Release|x64
		Release|x86 = Release|x86
	EndGlobalSection
	GlobalSection(ProjectConfigurationPlatforms) = postSolution
		{E81476F6-F452-4E0E-8C36-858AD8576A93}.Debug|x64.ActiveCfg = Debug|x64
		{E81476F6-F452-4E0E-8C36-858AD8576A93}.Debug|x64.Build.0 = Debug|x64
		{E81476F6-F452-4E0E-8C36-858AD8576A93}.Debug|x86.ActiveCfg = Debug|Win32
		{E81476F6-F452-4E0E-8C36-858AD8576A93}.Debug|x86.Build.0 = Debug|Win32
		{E81476F6-F452-4E0E-8C36-858AD8576A93}.Release|x64.ActiveCfg = Release|x64
		{E81476F6-F452-4E0E-8C36-858AD8576A93}.Release|x64.Build.0 = Release|x64
		{E81476F6-F452-4E0E-8C36-858AD8576A93}.Release|x86.ActiveCfg = Release|Win32
		{E81476F6-F452-4E0E-8C36-858AD8576A93}.Release|x86.Build.0 = Release|Win32
	EndGlobalSection
	GlobalSection(SolutionProperties) = preSolution
		HideSolutionNode = FALSE
	EndGlobalSection
	GlobalSection(ExtensibilityGlobals) = postSolution
		SolutionGuid = {0D3C8394-0534-40E8-AD67-C620ECA74616}
	EndGlobalSection
EndGlobal
